Microsoft Visual Studio Solution File, Format Version 12.00
# Visual Studio Version 17
VisualStudioVersion = 17.1.32407.343
MinimumVisualStudioVersion = 10.0.40219.1
Project("{8BC9CEB8-8B4A-11D0-8D11-00A0C91BC942}") = "Setup", "Setup\Setup.vcxproj", "{C3D22F41-756D-497A-AE6C-81F3F83731C9}"
EndProject
Project("{8BC9CEB8-8B4A-11D0-8D11-00A0C91BC942}") = "Navi", "Navi\Navi.vcxproj", "{0C7BB2BE-4CA4-4310-94EA-03B9F12271F0}"
EndProject
Project("{8BC9CEB8-8B4A-11D0-8D11-00A0C91BC942}") = "Update", "Update\Update.vcxproj", "{DDA4E86C-6C5C-4B98-9377-54511C6DB26E}"
EndProject
Project("{8BC9CEB8-8B4A-11D0-8D11-00A0C91BC942}") = "Monitor", "Monitor\Monitor.vcxproj", "{0DDFDACA-B053-4494-A5E8-BFED3DEFD1DD}"
EndProject
Project("{8BC9CEB8-8B4A-11D0-8D11-00A0C91BC942}") = "Spy", "Spy\Spy.vcxproj", "{DD89E6F8-851A-4E4E-A8FB-03C1DD5CF44B}"
EndProject
Project("{8BC9CEB8-8B4A-11D0-8D11-00A0C91BC942}") = "GNSS", "GNSS\GNSS.vcxproj", "{F4FB72CE-8BE9-490C-9214-897615864DA5}"
EndProject
Project("{8BC9CEB8-8B4A-11D0-8D11-00A0C91BC942}") = "CameraVC0706", "CamVC0706\CameraVC0706.vcxproj", "{CEE043AF-34E8-4837-A389-40879D7ABD4F}"
EndProject
Project("{8BC9CEB8-8B4A-11D0-8D11-00A0C91BC942}") = "TWR", "TWR\TWR.vcxproj", "{585EC38A-5991-4517-B501-9AB0C47A739E}"
EndProject
Project("{9092AA53-FB77-4645-B42D-1CCCA6BD08BD}") = "WebState", "WebState\WebState.njsproj", "{1976C63E-0028-42AA-B267-8790C99F449A}"
EndProject
Project("{8BC9CEB8-8B4A-11D0-8D11-00A0C91BC942}") = "CardMifare", "CardMifare\CardMifare.vcxproj", "{C684E456-AE0F-4826-A3BE-8C6F22073308}"
EndProject
Project("{9092AA53-FB77-4645-B42D-1CCCA6BD08BD}") = "WebUICard", "WebUICard\WebUICard.njsproj", "{4F811836-46A0-4EFD-B01D-63A9220377EA}"
EndProject
Global
	GlobalSection(SolutionConfigurationPlatforms) = preSolution
		Debug|Any CPU = Debug|Any CPU
		Debug|x64 = Debug|x64
		Debug|x86 = Debug|x86
		Release|Any CPU = Release|Any CPU
		Release|x64 = Release|x64
		Release|x86 = Release|x86
	EndGlobalSection
	GlobalSection(ProjectConfigurationPlatforms) = postSolution
		{C3D22F41-756D-497A-AE6C-81F3F83731C9}.Debug|Any CPU.ActiveCfg = Debug|x64
		{C3D22F41-756D-497A-AE6C-81F3F83731C9}.Debug|Any CPU.Build.0 = Debug|x64
		{C3D22F41-756D-497A-AE6C-81F3F83731C9}.Debug|x64.ActiveCfg = Debug|x64
		{C3D22F41-756D-497A-AE6C-81F3F83731C9}.Debug|x64.Build.0 = Debug|x64
		{C3D22F41-756D-497A-AE6C-81F3F83731C9}.Debug|x86.ActiveCfg = Debug|Win32
		{C3D22F41-756D-497A-AE6C-81F3F83731C9}.Debug|x86.Build.0 = Debug|Win32
		{C3D22F41-756D-497A-AE6C-81F3F83731C9}.Release|Any CPU.ActiveCfg = Release|x64
		{C3D22F41-756D-497A-AE6C-81F3F83731C9}.Release|Any CPU.Build.0 = Release|x64
		{C3D22F41-756D-497A-AE6C-81F3F83731C9}.Release|x64.ActiveCfg = Release|x64
		{C3D22F41-756D-497A-AE6C-81F3F83731C9}.Release|x64.Build.0 = Release|x64
		{C3D22F41-756D-497A-AE6C-81F3F83731C9}.Release|x86.ActiveCfg = Release|Win32
		{C3D22F41-756D-497A-AE6C-81F3F83731C9}.Release|x86.Build.0 = Release|Win32
		{0C7BB2BE-4CA4-4310-94EA-03B9F12271F0}.Debug|Any CPU.ActiveCfg = Debug|x64
		{0C7BB2BE-4CA4-4310-94EA-03B9F12271F0}.Debug|Any CPU.Build.0 = Debug|x64
		{0C7BB2BE-4CA4-4310-94EA-03B9F12271F0}.Debug|x64.ActiveCfg = Debug|x64
		{0C7BB2BE-4CA4-4310-94EA-03B9F12271F0}.Debug|x64.Build.0 = Debug|x64
		{0C7BB2BE-4CA4-4310-94EA-03B9F12271F0}.Debug|x86.ActiveCfg = Debug|Win32
		{0C7BB2BE-4CA4-4310-94EA-03B9F12271F0}.Debug|x86.Build.0 = Debug|Win32
		{0C7BB2BE-4CA4-4310-94EA-03B9F12271F0}.Release|Any CPU.ActiveCfg = Release|x64
		{0C7BB2BE-4CA4-4310-94EA-03B9F12271F0}.Release|Any CPU.Build.0 = Release|x64
		{0C7BB2BE-4CA4-4310-94EA-03B9F12271F0}.Release|x64.ActiveCfg = Release|x64
		{0C7BB2BE-4CA4-4310-94EA-03B9F12271F0}.Release|x64.Build.0 = Release|x64
		{0C7BB2BE-4CA4-4310-94EA-03B9F12271F0}.Release|x86.ActiveCfg = Release|Win32
		{0C7BB2BE-4CA4-4310-94EA-03B9F12271F0}.Release|x86.Build.0 = Release|Win32
		{DDA4E86C-6C5C-4B98-9377-54511C6DB26E}.Debug|Any CPU.ActiveCfg = Debug|x64
		{DDA4E86C-6C5C-4B98-9377-54511C6DB26E}.Debug|Any CPU.Build.0 = Debug|x64
		{DDA4E86C-6C5C-4B98-9377-54511C6DB26E}.Debug|x64.ActiveCfg = Debug|x64
		{DDA4E86C-6C5C-4B98-9377-54511C6DB26E}.Debug|x64.Build.0 = Debug|x64
		{DDA4E86C-6C5C-4B98-9377-54511C6DB26E}.Debug|x86.ActiveCfg = Debug|Win32
		{DDA4E86C-6C5C-4B98-9377-54511C6DB26E}.Debug|x86.Build.0 = Debug|Win32
		{DDA4E86C-6C5C-4B98-9377-54511C6DB26E}.Release|Any CPU.ActiveCfg = Release|x64
		{DDA4E86C-6C5C-4B98-9377-54511C6DB26E}.Release|Any CPU.Build.0 = Release|x64
		{DDA4E86C-6C5C-4B98-9377-54511C6DB26E}.Release|x64.ActiveCfg = Release|x64
		{DDA4E86C-6C5C-4B98-9377-54511C6DB26E}.Release|x64.Build.0 = Release|x64
		{DDA4E86C-6C5C-4B98-9377-54511C6DB26E}.Release|x86.ActiveCfg = Release|Win32
		{DDA4E86C-6C5C-4B98-9377-54511C6DB26E}.Release|x86.Build.0 = Release|Win32
		{0DDFDACA-B053-4494-A5E8-BFED3DEFD1DD}.Debug|Any CPU.ActiveCfg = Debug|x64
		{0DDFDACA-B053-4494-A5E8-BFED3DEFD1DD}.Debug|Any CPU.Build.0 = Debug|x64
		{0DDFDACA-B053-4494-A5E8-BFED3DEFD1DD}.Debug|x64.ActiveCfg = Debug|x64
		{0DDFDACA-B053-4494-A5E8-BFED3DEFD1DD}.Debug|x64.Build.0 = Debug|x64
		{0DDFDACA-B053-4494-A5E8-BFED3DEFD1DD}.Debug|x86.ActiveCfg = Debug|Win32
		{0DDFDACA-B053-4494-A5E8-BFED3DEFD1DD}.Debug|x86.Build.0 = Debug|Win32
		{0DDFDACA-B053-4494-A5E8-BFED3DEFD1DD}.Release|Any CPU.ActiveCfg = Release|x64
		{0DDFDACA-B053-4494-A5E8-BFED3DEFD1DD}.Release|Any CPU.Build.0 = Release|x64
		{0DDFDACA-B053-4494-A5E8-BFED3DEFD1DD}.Release|x64.ActiveCfg = Release|x64
		{0DDFDACA-B053-4494-A5E8-BFED3DEFD1DD}.Release|x64.Build.0 = Release|x64
		{0DDFDACA-B053-4494-A5E8-BFED3DEFD1DD}.Release|x86.ActiveCfg = Release|Win32
		{0DDFDACA-B053-4494-A5E8-BFED3DEFD1DD}.Release|x86.Build.0 = Release|Win32
		{DD89E6F8-851A-4E4E-A8FB-03C1DD5CF44B}.Debug|Any CPU.ActiveCfg = Debug|x64
		{DD89E6F8-851A-4E4E-A8FB-03C1DD5CF44B}.Debug|Any CPU.Build.0 = Debug|x64
		{DD89E6F8-851A-4E4E-A8FB-03C1DD5CF44B}.Debug|x64.ActiveCfg = Debug|x64
		{DD89E6F8-851A-4E4E-A8FB-03C1DD5CF44B}.Debug|x64.Build.0 = Debug|x64
		{DD89E6F8-851A-4E4E-A8FB-03C1DD5CF44B}.Debug|x86.ActiveCfg = Debug|Win32
		{DD89E6F8-851A-4E4E-A8FB-03C1DD5CF44B}.Debug|x86.Build.0 = Debug|Win32
		{DD89E6F8-851A-4E4E-A8FB-03C1DD5CF44B}.Release|Any CPU.ActiveCfg = Release|x64
		{DD89E6F8-851A-4E4E-A8FB-03C1DD5CF44B}.Release|Any CPU.Build.0 = Release|x64
		{DD89E6F8-851A-4E4E-A8FB-03C1DD5CF44B}.Release|x64.ActiveCfg = Release|x64
		{DD89E6F8-851A-4E4E-A8FB-03C1DD5CF44B}.Release|x64.Build.0 = Release|x64
		{DD89E6F8-851A-4E4E-A8FB-03C1DD5CF44B}.Release|x86.ActiveCfg = Release|Win32
		{DD89E6F8-851A-4E4E-A8FB-03C1DD5CF44B}.Release|x86.Build.0 = Release|Win32
		{F4FB72CE-8BE9-490C-9214-897615864DA5}.Debug|Any CPU.ActiveCfg = Debug|x64
		{F4FB72CE-8BE9-490C-9214-897615864DA5}.Debug|Any CPU.Build.0 = Debug|x64
		{F4FB72CE-8BE9-490C-9214-897615864DA5}.Debug|x64.ActiveCfg = Debug|x64
		{F4FB72CE-8BE9-490C-9214-897615864DA5}.Debug|x64.Build.0 = Debug|x64
		{F4FB72CE-8BE9-490C-9214-897615864DA5}.Debug|x86.ActiveCfg = Debug|Win32
		{F4FB72CE-8BE9-490C-9214-897615864DA5}.Debug|x86.Build.0 = Debug|Win32
		{F4FB72CE-8BE9-490C-9214-897615864DA5}.Release|Any CPU.ActiveCfg = Release|x64
		{F4FB72CE-8BE9-490C-9214-897615864DA5}.Release|Any CPU.Build.0 = Release|x64
		{F4FB72CE-8BE9-490C-9214-897615864DA5}.Release|x64.ActiveCfg = Release|x64
		{F4FB72CE-8BE9-490C-9214-897615864DA5}.Release|x64.Build.0 = Release|x64
		{F4FB72CE-8BE9-490C-9214-897615864DA5}.Release|x86.ActiveCfg = Release|Win32
		{F4FB72CE-8BE9-490C-9214-897615864DA5}.Release|x86.Build.0 = Release|Win32
		{CEE043AF-34E8-4837-A389-40879D7ABD4F}.Debug|Any CPU.ActiveCfg = Debug|x64
		{CEE043AF-34E8-4837-A389-40879D7ABD4F}.Debug|Any CPU.Build.0 = Debug|x64
		{CEE043AF-34E8-4837-A389-40879D7ABD4F}.Debug|x64.ActiveCfg = Debug|x64
		{CEE043AF-34E8-4837-A389-40879D7ABD4F}.Debug|x64.Build.0 = Debug|x64
		{CEE043AF-34E8-4837-A389-40879D7ABD4F}.Debug|x86.ActiveCfg = Debug|Win32
		{CEE043AF-34E8-4837-A389-40879D7ABD4F}.Debug|x86.Build.0 = Debug|Win32
		{CEE043AF-34E8-4837-A389-40879D7ABD4F}.Release|Any CPU.ActiveCfg = Release|x64
		{CEE043AF-34E8-4837-A389-40879D7ABD4F}.Release|Any CPU.Build.0 = Release|x64
		{CEE043AF-34E8-4837-A389-40879D7ABD4F}.Release|x64.ActiveCfg = Release|x64
		{CEE043AF-34E8-4837-A389-40879D7ABD4F}.Release|x64.Build.0 = Release|x64
		{CEE043AF-34E8-4837-A389-40879D7ABD4F}.Release|x86.ActiveCfg = Release|Win32
		{CEE043AF-34E8-4837-A389-40879D7ABD4F}.Release|x86.Build.0 = Release|Win32
		{585EC38A-5991-4517-B501-9AB0C47A739E}.Debug|Any CPU.ActiveCfg = Debug|x64
		{585EC38A-5991-4517-B501-9AB0C47A739E}.Debug|Any CPU.Build.0 = Debug|x64
		{585EC38A-5991-4517-B501-9AB0C47A739E}.Debug|x64.ActiveCfg = Debug|x64
		{585EC38A-5991-4517-B501-9AB0C47A739E}.Debug|x64.Build.0 = Debug|x64
		{585EC38A-5991-4517-B501-9AB0C47A739E}.Debug|x86.ActiveCfg = Debug|Win32
		{585EC38A-5991-4517-B501-9AB0C47A739E}.Debug|x86.Build.0 = Debug|Win32
		{585EC38A-5991-4517-B501-9AB0C47A739E}.Release|Any CPU.ActiveCfg = Release|x64
		{585EC38A-5991-4517-B501-9AB0C47A739E}.Release|Any CPU.Build.0 = Release|x64
		{585EC38A-5991-4517-B501-9AB0C47A739E}.Release|x64.ActiveCfg = Release|x64
		{585EC38A-5991-4517-B501-9AB0C47A739E}.Release|x64.Build.0 = Release|x64
		{585EC38A-5991-4517-B501-9AB0C47A739E}.Release|x86.ActiveCfg = Release|Win32
		{585EC38A-5991-4517-B501-9AB0C47A739E}.Release|x86.Build.0 = Release|Win32
		{C684E456-AE0F-4826-A3BE-8C6F22073308}.Debug|Any CPU.ActiveCfg = Debug|x64
		{C684E456-AE0F-4826-A3BE-8C6F22073308}.Debug|Any CPU.Build.0 = Debug|x64
		{C684E456-AE0F-4826-A3BE-8C6F22073308}.Debug|x64.ActiveCfg = Debug|x64
		{C684E456-AE0F-4826-A3BE-8C6F22073308}.Debug|x64.Build.0 = Debug|x64
		{C684E456-AE0F-4826-A3BE-8C6F22073308}.Debug|x86.ActiveCfg = Debug|Win32
		{C684E456-AE0F-4826-A3BE-8C6F22073308}.Debug|x86.Build.0 = Debug|Win32
		{C684E456-AE0F-4826-A3BE-8C6F22073308}.Release|Any CPU.ActiveCfg = Release|x64
		{C684E456-AE0F-4826-A3BE-8C6F22073308}.Release|Any CPU.Build.0 = Release|x64
		{C684E456-AE0F-4826-A3BE-8C6F22073308}.Release|x64.ActiveCfg = Release|x64
		{C684E456-AE0F-4826-A3BE-8C6F22073308}.Release|x64.Build.0 = Release|x64
		{C684E456-AE0F-4826-A3BE-8C6F22073308}.Release|x86.ActiveCfg = Release|Win32
		{C684E456-AE0F-4826-A3BE-8C6F22073308}.Release|x86.Build.0 = Release|Win32
		{1976C63E-0028-42AA-B267-8790C99F449A}.Debug|Any CPU.ActiveCfg = Debug|Any CPU
		{1976C63E-0028-42AA-B267-8790C99F449A}.Debug|Any CPU.Build.0 = Debug|Any CPU
		{1976C63E-0028-42AA-B267-8790C99F449A}.Debug|x64.ActiveCfg = Debug|Any CPU
		{1976C63E-0028-42AA-B267-8790C99F449A}.Debug|x64.Build.0 = Debug|Any CPU
		{1976C63E-0028-42AA-B267-8790C99F449A}.Debug|x86.ActiveCfg = Debug|Any CPU
		{1976C63E-0028-42AA-B267-8790C99F449A}.Debug|x86.Build.0 = Debug|Any CPU
		{1976C63E-0028-42AA-B267-8790C99F449A}.Release|Any CPU.ActiveCfg = Release|Any CPU
		{1976C63E-0028-42AA-B267-8790C99F449A}.Release|Any CPU.Build.0 = Release|Any CPU
		{1976C63E-0028-42AA-B267-8790C99F449A}.Release|x64.ActiveCfg = Release|Any CPU
		{1976C63E-0028-42AA-B267-8790C99F449A}.Release|x64.Build.0 = Release|Any CPU
		{1976C63E-0028-42AA-B267-8790C99F449A}.Release|x86.ActiveCfg = Release|Any CPU
		{1976C63E-0028-42AA-B267-8790C99F449A}.Release|x86.Build.0 = Release|Any CPU
		{4F811836-46A0-4EFD-B01D-63A9220377EA}.Debug|Any CPU.ActiveCfg = Debug|Any CPU
		{4F811836-46A0-4EFD-B01D-63A9220377EA}.Debug|Any CPU.Build.0 = Debug|Any CPU
		{4F811836-46A0-4EFD-B01D-63A9220377EA}.Debug|x64.ActiveCfg = Debug|Any CPU
		{4F811836-46A0-4EFD-B01D-63A9220377EA}.Debug|x64.Build.0 = Debug|Any CPU
		{4F811836-46A0-4EFD-B01D-63A9220377EA}.Debug|x86.ActiveCfg = Debug|Any CPU
		{4F811836-46A0-4EFD-B01D-63A9220377EA}.Debug|x86.Build.0 = Debug|Any CPU
		{4F811836-46A0-4EFD-B01D-63A9220377EA}.Release|Any CPU.ActiveCfg = Release|Any CPU
		{4F811836-46A0-4EFD-B01D-63A9220377EA}.Release|Any CPU.Build.0 = Release|Any CPU
		{4F811836-46A0-4EFD-B01D-63A9220377EA}.Release|x64.ActiveCfg = Release|Any CPU
		{4F811836-46A0-4EFD-B01D-63A9220377EA}.Release|x64.Build.0 = Release|Any CPU
		{4F811836-46A0-4EFD-B01D-63A9220377EA}.Release|x86.ActiveCfg = Release|Any CPU
		{4F811836-46A0-4EFD-B01D-63A9220377EA}.Release|x86.Build.0 = Release|Any CPU
	EndGlobalSection
	GlobalSection(SolutionProperties) = preSolution
		HideSolutionNode = FALSE
	EndGlobalSection
	GlobalSection(ExtensibilityGlobals) = postSolution
		SolutionGuid = {1255FBAB-756D-42CD-A63E-C5FB947B6F44}
	EndGlobalSection
EndGlobal
