<?xml version="1.0" encoding="utf-8"?>
<Project ToolsVersion="4.0" xmlns="http://schemas.microsoft.com/developer/msbuild/2003">
  <ItemGroup>
    <Filter Include="LIB.Utils">
      <UniqueIdentifier>{67DA6AB6-F800-4c08-8B7A-83BB121AAD01}</UniqueIdentifier>
      <Extensions>rc;ico;cur;bmp;dlg;rc2;rct;bin;rgs;gif;jpg;jpeg;jpe;resx;tiff;tif;png;wav;mfcribbon-ms</Extensions>
    </Filter>
    <Filter Include="Dev">
      <UniqueIdentifier>{791890f4-242d-4c51-ad0b-b33f611c9cf8}</UniqueIdentifier>
    </Filter>
    <Filter Include="LIB.Share">
      <UniqueIdentifier>{31810bfb-741c-497b-9bf9-c5eebbcf4a40}</UniqueIdentifier>
    </Filter>
    <Filter Include=".vscode">
      <UniqueIdentifier>{33cef651-f2a5-48de-a35d-821ed88bca8e}</UniqueIdentifier>
    </Filter>
  </ItemGroup>
  <ItemGroup>
    <ClCompile Include="main.cpp" />
    <ClCompile Include="Dev\devDataSetConfig.cpp">
      <Filter>Dev</Filter>
    </ClCompile>
    <ClCompile Include="..\LIB.Utils\utilsPath.cpp">
      <Filter>LIB.Utils</Filter>
    </ClCompile>
    <ClCompile Include="Dev\devDataSetGNSS.cpp">
      <Filter>Dev</Filter>
    </ClCompile>
    <ClCompile Include="..\LIB.Utils\utilsLinux.cpp">
      <Filter>LIB.Utils</Filter>
    </ClCompile>
    <ClCompile Include="..\LIB.Share\shareHTML.cpp">
      <Filter>LIB.Share</Filter>
    </ClCompile>
    <ClCompile Include="..\LIB.Share\shareConfig.cpp">
      <Filter>LIB.Share</Filter>
    </ClCompile>
    <ClCompile Include="..\LIB.Share\shareGNSS.cpp">
      <Filter>LIB.Share</Filter>
    </ClCompile>
    <ClCompile Include="..\LIB.Utils\utilsChrono.cpp">
      <Filter>LIB.Utils</Filter>
    </ClCompile>
    <ClCompile Include="..\LIB.Utils\utilsFile.cpp">
      <Filter>LIB.Utils</Filter>
    </ClCompile>
    <ClCompile Include="..\LIB.Share\shareUtilsFile.cpp">
      <Filter>LIB.Share</Filter>
    </ClCompile>
  </ItemGroup>
  <ItemGroup>
    <ClInclude Include="..\LIB.Utils\utilsBase.h">
      <Filter>LIB.Utils</Filter>
    </ClInclude>
    <ClInclude Include="libConfig.h" />
    <ClInclude Include="Dev\devDataSetConfig.h">
      <Filter>Dev</Filter>
    </ClInclude>
    <ClInclude Include="..\LIB.Utils\utilsPath.h">
      <Filter>LIB.Utils</Filter>
    </ClInclude>
    <ClInclude Include="..\LIB.Utils\utilsChrono.h">
      <Filter>LIB.Utils</Filter>
    </ClInclude>
    <ClInclude Include="Dev\devDataSetGNSS.h">
      <Filter>Dev</Filter>
    </ClInclude>
    <ClInclude Include="..\LIB.Utils\utilsLinux.h">
      <Filter>LIB.Utils</Filter>
    </ClInclude>
    <ClInclude Include="..\LIB.Share\shareHTML.h">
      <Filter>LIB.Share</Filter>
    </ClInclude>
    <ClInclude Include="..\LIB.Share\shareConfig.h">
      <Filter>LIB.Share</Filter>
    </ClInclude>
    <ClInclude Include="..\LIB.Share\shareGNSS.h">
      <Filter>LIB.Share</Filter>
    </ClInclude>
    <ClInclude Include="..\LIB.Utils\utilsFile.h">
      <Filter>LIB.Utils</Filter>
    </ClInclude>
    <ClInclude Include="..\LIB.Share\shareUtilsFile.h">
      <Filter>LIB.Share</Filter>
    </ClInclude>
  </ItemGroup>
  <ItemGroup>
    <None Include="..\LIB.Utils\!Refresh.bat">
      <Filter>LIB.Utils</Filter>
    </None>
    <None Include="mxnavi.conf.json" />
    <None Include="mxdevice.conf.json" />
    <None Include="mxprivate.conf.json" />
    <None Include=".vscode\c_cpp_properties.json">
      <Filter>.vscode</Filter>
    </None>
    <None Include=".vscode\launch.json">
      <Filter>.vscode</Filter>
    </None>
    <None Include=".vscode\tasks.json">
      <Filter>.vscode</Filter>
    </None>
    <None Include="Navi.code-workspace" />
  </ItemGroup>
</Project>