<?xml version="1.0" encoding="utf-8"?>
<Project ToolsVersion="4.0" xmlns="http://schemas.microsoft.com/developer/msbuild/2003">
  <ItemGroup>
    <Filter Include="LIB.Utils">
      <UniqueIdentifier>{67DA6AB6-F800-4c08-8B7A-83BB121AAD01}</UniqueIdentifier>
      <Extensions>rc;ico;cur;bmp;dlg;rc2;rct;bin;rgs;gif;jpg;jpeg;jpe;resx;tiff;tif;png;wav;mfcribbon-ms</Extensions>
    </Filter>
    <Filter Include="Dev">
      <UniqueIdentifier>{791890f4-242d-4c51-ad0b-b33f611c9cf8}</UniqueIdentifier>
    </Filter>
    <Filter Include="LIB.Share">
      <UniqueIdentifier>{a32a2826-a472-4038-8b9a-c4cb5b9a8576}</UniqueIdentifier>
    </Filter>
    <Filter Include=".vscode">
      <UniqueIdentifier>{912f8b52-d912-4d6c-9e60-157023451688}</UniqueIdentifier>
    </Filter>
    <Filter Include="fs">
      <UniqueIdentifier>{a72a0b41-b24b-4164-b5dc-b28cef37d347}</UniqueIdentifier>
    </Filter>
    <Filter Include="LIB.Utils\7x2201">
      <UniqueIdentifier>{2fcd78f1-4bb3-486b-9532-2936f426a3cb}</UniqueIdentifier>
    </Filter>
    <Filter Include="LIB.Utils\7x2201\C">
      <UniqueIdentifier>{29745371-b856-45db-bb4f-715479b038b9}</UniqueIdentifier>
    </Filter>
  </ItemGroup>
  <ItemGroup>
    <ClCompile Include="main.cpp" />
    <ClCompile Include="Dev\devDataSetConfig.cpp">
      <Filter>Dev</Filter>
    </ClCompile>
    <ClCompile Include="..\LIB.Utils\utilsPath.cpp">
      <Filter>LIB.Utils</Filter>
    </ClCompile>
    <ClCompile Include="..\LIB.Utils\utilsLinux.cpp">
      <Filter>LIB.Utils</Filter>
    </ClCompile>
    <ClCompile Include="main_setup.cpp" />
    <ClCompile Include="fs\cron_mxsetupschedule.cpp">
      <Filter>fs</Filter>
    </ClCompile>
    <ClCompile Include="fs\email_msmtprc.cpp">
      <Filter>fs</Filter>
    </ClCompile>
    <ClCompile Include="fs\email_muttrc.cpp">
      <Filter>fs</Filter>
    </ClCompile>
    <ClCompile Include="fs\linux_fstab.cpp">
      <Filter>fs</Filter>
    </ClCompile>
    <ClCompile Include="..\LIB.Share\shareWeb.cpp">
      <Filter>LIB.Share</Filter>
    </ClCompile>
    <ClCompile Include="..\LIB.Utils\utilsWeb.cpp">
      <Filter>LIB.Utils</Filter>
    </ClCompile>
    <ClCompile Include="..\LIB.Utils\7z2201\utilsArch_7z2201_simple.cpp">
      <Filter>LIB.Utils\7x2201</Filter>
    </ClCompile>
    <ClCompile Include="..\LIB.Utils\7z2201\C\7zAlloc.c">
      <Filter>LIB.Utils\7x2201\C</Filter>
    </ClCompile>
    <ClCompile Include="..\LIB.Utils\7z2201\C\7zArcIn.c">
      <Filter>LIB.Utils\7x2201\C</Filter>
    </ClCompile>
    <ClCompile Include="..\LIB.Utils\7z2201\C\7zBuf.c">
      <Filter>LIB.Utils\7x2201\C</Filter>
    </ClCompile>
    <ClCompile Include="..\LIB.Utils\7z2201\C\7zCrc.c">
      <Filter>LIB.Utils\7x2201\C</Filter>
    </ClCompile>
    <ClCompile Include="..\LIB.Utils\7z2201\C\7zCrcOpt.c">
      <Filter>LIB.Utils\7x2201\C</Filter>
    </ClCompile>
    <ClCompile Include="..\LIB.Utils\7z2201\C\7zDec.c">
      <Filter>LIB.Utils\7x2201\C</Filter>
    </ClCompile>
    <ClCompile Include="..\LIB.Utils\7z2201\C\7zFile.c">
      <Filter>LIB.Utils\7x2201\C</Filter>
    </ClCompile>
    <ClCompile Include="..\LIB.Utils\7z2201\C\7zStream.c">
      <Filter>LIB.Utils\7x2201\C</Filter>
    </ClCompile>
    <ClCompile Include="..\LIB.Utils\7z2201\C\Bcj2.c">
      <Filter>LIB.Utils\7x2201\C</Filter>
    </ClCompile>
    <ClCompile Include="..\LIB.Utils\7z2201\C\Bra.c">
      <Filter>LIB.Utils\7x2201\C</Filter>
    </ClCompile>
    <ClCompile Include="..\LIB.Utils\7z2201\C\Bra86.c">
      <Filter>LIB.Utils\7x2201\C</Filter>
    </ClCompile>
    <ClCompile Include="..\LIB.Utils\7z2201\C\BraIA64.c">
      <Filter>LIB.Utils\7x2201\C</Filter>
    </ClCompile>
    <ClCompile Include="..\LIB.Utils\7z2201\C\CpuArch.c">
      <Filter>LIB.Utils\7x2201\C</Filter>
    </ClCompile>
    <ClCompile Include="..\LIB.Utils\7z2201\C\Delta.c">
      <Filter>LIB.Utils\7x2201\C</Filter>
    </ClCompile>
    <ClCompile Include="..\LIB.Utils\7z2201\C\Lzma2Dec.c">
      <Filter>LIB.Utils\7x2201\C</Filter>
    </ClCompile>
    <ClCompile Include="..\LIB.Utils\7z2201\C\LzmaDec.c">
      <Filter>LIB.Utils\7x2201\C</Filter>
    </ClCompile>
    <ClCompile Include="..\LIB.Utils\7z2201\C\Ppmd7.c">
      <Filter>LIB.Utils\7x2201\C</Filter>
    </ClCompile>
    <ClCompile Include="..\LIB.Utils\7z2201\C\Ppmd7Dec.c">
      <Filter>LIB.Utils\7x2201\C</Filter>
    </ClCompile>
    <ClCompile Include="..\LIB.Share\shareConfig.cpp">
      <Filter>LIB.Share</Filter>
    </ClCompile>
    <ClCompile Include="Dev\devCmdLine.cpp">
      <Filter>Dev</Filter>
    </ClCompile>
  </ItemGroup>
  <ItemGroup>
    <ClInclude Include="..\LIB.Utils\utilsBase.h">
      <Filter>LIB.Utils</Filter>
    </ClInclude>
    <ClInclude Include="libConfig.h" />
    <ClInclude Include="Dev\devDataSetConfig.h">
      <Filter>Dev</Filter>
    </ClInclude>
    <ClInclude Include="..\LIB.Utils\utilsPath.h">
      <Filter>LIB.Utils</Filter>
    </ClInclude>
    <ClInclude Include="..\LIB.Utils\utilsLinux.h">
      <Filter>LIB.Utils</Filter>
    </ClInclude>
    <ClInclude Include="devConfig.h" />
    <ClInclude Include="..\LIB.Share\shareWeb.h">
      <Filter>LIB.Share</Filter>
    </ClInclude>
    <ClInclude Include="..\LIB.Utils\utilsWeb.h">
      <Filter>LIB.Utils</Filter>
    </ClInclude>
    <ClInclude Include="..\LIB.Utils\7z2201\utilsArch_7z2201_simple.h">
      <Filter>LIB.Utils\7x2201</Filter>
    </ClInclude>
    <ClInclude Include="..\LIB.Utils\7z2201\C\7z.h">
      <Filter>LIB.Utils\7x2201\C</Filter>
    </ClInclude>
    <ClInclude Include="..\LIB.Utils\7z2201\C\7zAlloc.h">
      <Filter>LIB.Utils\7x2201\C</Filter>
    </ClInclude>
    <ClInclude Include="..\LIB.Utils\7z2201\C\7zBuf.h">
      <Filter>LIB.Utils\7x2201\C</Filter>
    </ClInclude>
    <ClInclude Include="..\LIB.Utils\7z2201\C\7zCrc.h">
      <Filter>LIB.Utils\7x2201\C</Filter>
    </ClInclude>
    <ClInclude Include="..\LIB.Utils\7z2201\C\7zFile.h">
      <Filter>LIB.Utils\7x2201\C</Filter>
    </ClInclude>
    <ClInclude Include="..\LIB.Utils\7z2201\C\7zTypes.h">
      <Filter>LIB.Utils\7x2201\C</Filter>
    </ClInclude>
    <ClInclude Include="..\LIB.Utils\7z2201\C\7zVersion.h">
      <Filter>LIB.Utils\7x2201\C</Filter>
    </ClInclude>
    <ClInclude Include="..\LIB.Utils\7z2201\C\Bcj2.h">
      <Filter>LIB.Utils\7x2201\C</Filter>
    </ClInclude>
    <ClInclude Include="..\LIB.Utils\7z2201\C\Bra.h">
      <Filter>LIB.Utils\7x2201\C</Filter>
    </ClInclude>
    <ClInclude Include="..\LIB.Utils\7z2201\C\Compiler.h">
      <Filter>LIB.Utils\7x2201\C</Filter>
    </ClInclude>
    <ClInclude Include="..\LIB.Utils\7z2201\C\CpuArch.h">
      <Filter>LIB.Utils\7x2201\C</Filter>
    </ClInclude>
    <ClInclude Include="..\LIB.Utils\7z2201\C\Delta.h">
      <Filter>LIB.Utils\7x2201\C</Filter>
    </ClInclude>
    <ClInclude Include="..\LIB.Utils\7z2201\C\Lzma2Dec.h">
      <Filter>LIB.Utils\7x2201\C</Filter>
    </ClInclude>
    <ClInclude Include="..\LIB.Utils\7z2201\C\LzmaDec.h">
      <Filter>LIB.Utils\7x2201\C</Filter>
    </ClInclude>
    <ClInclude Include="..\LIB.Utils\7z2201\C\Ppmd.h">
      <Filter>LIB.Utils\7x2201\C</Filter>
    </ClInclude>
    <ClInclude Include="..\LIB.Utils\7z2201\C\Ppmd7.h">
      <Filter>LIB.Utils\7x2201\C</Filter>
    </ClInclude>
    <ClInclude Include="..\LIB.Utils\7z2201\C\Precomp.h">
      <Filter>LIB.Utils\7x2201\C</Filter>
    </ClInclude>
    <ClInclude Include="..\LIB.Share\shareConfig.h">
      <Filter>LIB.Share</Filter>
    </ClInclude>
    <ClInclude Include="Dev\devCmdLine.h">
      <Filter>Dev</Filter>
    </ClInclude>
  </ItemGroup>
  <ItemGroup>
    <None Include="..\LIB.Utils\!Refresh.bat">
      <Filter>LIB.Utils</Filter>
    </None>
    <None Include="mxsetup.conf.json" />
    <None Include="mxprivate.conf.json" />
    <None Include=".vscode\c_cpp_properties.json">
      <Filter>.vscode</Filter>
    </None>
    <None Include=".vscode\launch.json">
      <Filter>.vscode</Filter>
    </None>
    <None Include=".vscode\tasks.json">
      <Filter>.vscode</Filter>
    </None>
    <None Include="Setup.code-workspace" />
    <None Include="mxsetup.sh" />
    <None Include="mxdevice.conf.json" />
  </ItemGroup>
</Project>